
Microsoft Visual Studio Solution File, Format Version 12.00
# Visual Studio 15
VisualStudioVersion = 15.0.27004.2010
MinimumVisualStudioVersion = 10.0.40219.1
Project("{8BC9CEB8-8B4A-11D0-8D11-00A0C91BC942}") = "GL4C", "GL4C\GL4C.vcxproj", "{4825D2CF-2953-41AC-8561-597B3B867D12}"
EndProject
Project("{8BC9CEB8-8B4A-11D0-8D11-00A0C91BC942}") = "MazeLibrary", "MazeLibrary\MazeLibrary.vcxproj", "{D2894D59-2C1A-4EDD-8C8F-432CC6846311}"
EndProject
Project("{8BC9CEB8-8B4A-11D0-8D11-00A0C91BC942}") = "GL4Cstatic", "GL4Cstatic\GL4Cstatic.vcxproj", "{B37A4485-5CEA-48F2-801E-4F580AD79685}"
EndProject
Project("{8BC9CEB8-8B4A-11D0-8D11-00A0C91BC942}") = "debugMaze", "debugMaze\debugMaze.vcxproj", "{C2796CF0-8A76-458E-9E48-CE4ADB119E04}"
EndProject
Global
	GlobalSection(SolutionConfigurationPlatforms) = preSolution
		Debug|Any CPU = Debug|Any CPU
		Debug|x64 = Debug|x64
		Debug|x86 = Debug|x86
		Release|Any CPU = Release|Any CPU
		Release|x64 = Release|x64
		Release|x86 = Release|x86
	EndGlobalSection
	GlobalSection(ProjectConfigurationPlatforms) = postSolution
		{4825D2CF-2953-41AC-8561-597B3B867D12}.Debug|Any CPU.ActiveCfg = Debug|Win32
		{4825D2CF-2953-41AC-8561-597B3B867D12}.Debug|x64.ActiveCfg = Debug|x64
		{4825D2CF-2953-41AC-8561-597B3B867D12}.Debug|x64.Build.0 = Debug|x64
		{4825D2CF-2953-41AC-8561-597B3B867D12}.Debug|x86.ActiveCfg = Debug|Win32
		{4825D2CF-2953-41AC-8561-597B3B867D12}.Debug|x86.Build.0 = Debug|Win32
		{4825D2CF-2953-41AC-8561-597B3B867D12}.Release|Any CPU.ActiveCfg = Release|Win32
		{4825D2CF-2953-41AC-8561-597B3B867D12}.Release|x64.ActiveCfg = Release|x64
		{4825D2CF-2953-41AC-8561-597B3B867D12}.Release|x64.Build.0 = Release|x64
		{4825D2CF-2953-41AC-8561-597B3B867D12}.Release|x86.ActiveCfg = Release|Win32
		{4825D2CF-2953-41AC-8561-597B3B867D12}.Release|x86.Build.0 = Release|Win32
		{D2894D59-2C1A-4EDD-8C8F-432CC6846311}.Debug|Any CPU.ActiveCfg = Debug|Win32
		{D2894D59-2C1A-4EDD-8C8F-432CC6846311}.Debug|x64.ActiveCfg = Debug|x64
		{D2894D59-2C1A-4EDD-8C8F-432CC6846311}.Debug|x64.Build.0 = Debug|x64
		{D2894D59-2C1A-4EDD-8C8F-432CC6846311}.Debug|x86.ActiveCfg = Debug|Win32
		{D2894D59-2C1A-4EDD-8C8F-432CC6846311}.Debug|x86.Build.0 = Debug|Win32
		{D2894D59-2C1A-4EDD-8C8F-432CC6846311}.Release|Any CPU.ActiveCfg = Release|Win32
		{D2894D59-2C1A-4EDD-8C8F-432CC6846311}.Release|x64.ActiveCfg = Release|x64
		{D2894D59-2C1A-4EDD-8C8F-432CC6846311}.Release|x64.Build.0 = Release|x64
		{D2894D59-2C1A-4EDD-8C8F-432CC6846311}.Release|x86.ActiveCfg = Release|Win32
		{D2894D59-2C1A-4EDD-8C8F-432CC6846311}.Release|x86.Build.0 = Release|Win32
		{B37A4485-5CEA-48F2-801E-4F580AD79685}.Debug|Any CPU.ActiveCfg = Debug|Win32
		{B37A4485-5CEA-48F2-801E-4F580AD79685}.Debug|x64.ActiveCfg = Debug|x64
		{B37A4485-5CEA-48F2-801E-4F580AD79685}.Debug|x64.Build.0 = Debug|x64
		{B37A4485-5CEA-48F2-801E-4F580AD79685}.Debug|x86.ActiveCfg = Debug|Win32
		{B37A4485-5CEA-48F2-801E-4F580AD79685}.Debug|x86.Build.0 = Debug|Win32
		{B37A4485-5CEA-48F2-801E-4F580AD79685}.Release|Any CPU.ActiveCfg = Release|Win32
		{B37A4485-5CEA-48F2-801E-4F580AD79685}.Release|x64.ActiveCfg = Release|x64
		{B37A4485-5CEA-48F2-801E-4F580AD79685}.Release|x64.Build.0 = Release|x64
		{B37A4485-5CEA-48F2-801E-4F580AD79685}.Release|x86.ActiveCfg = Release|Win32
		{B37A4485-5CEA-48F2-801E-4F580AD79685}.Release|x86.Build.0 = Release|Win32
		{C2796CF0-8A76-458E-9E48-CE4ADB119E04}.Debug|Any CPU.ActiveCfg = Debug|Win32
		{C2796CF0-8A76-458E-9E48-CE4ADB119E04}.Debug|x64.ActiveCfg = Debug|x64
		{C2796CF0-8A76-458E-9E48-CE4ADB119E04}.Debug|x64.Build.0 = Debug|x64
		{C2796CF0-8A76-458E-9E48-CE4ADB119E04}.Debug|x86.ActiveCfg = Debug|Win32
		{C2796CF0-8A76-458E-9E48-CE4ADB119E04}.Debug|x86.Build.0 = Debug|Win32
		{C2796CF0-8A76-458E-9E48-CE4ADB119E04}.Release|Any CPU.ActiveCfg = Release|Win32
		{C2796CF0-8A76-458E-9E48-CE4ADB119E04}.Release|x64.ActiveCfg = Release|x64
		{C2796CF0-8A76-458E-9E48-CE4ADB119E04}.Release|x64.Build.0 = Release|x64
		{C2796CF0-8A76-458E-9E48-CE4ADB119E04}.Release|x86.ActiveCfg = Release|Win32
		{C2796CF0-8A76-458E-9E48-CE4ADB119E04}.Release|x86.Build.0 = Release|Win32
	EndGlobalSection
	GlobalSection(SolutionProperties) = preSolution
		HideSolutionNode = FALSE
	EndGlobalSection
	GlobalSection(ExtensibilityGlobals) = postSolution
		SolutionGuid = {8A468913-C663-41EF-AF30-CCC4422E65D4}
	EndGlobalSection
EndGlobal
